
Microsoft Visual Studio Solution File, Format Version 12.00
# Visual Studio Version 17
VisualStudioVersion = 17.11.35312.102
MinimumVisualStudioVersion = 10.0.40219.1
Project("{FAE04EC0-301F-11D3-BF4B-00C04F79EFBC}") = "securityExample-api", "securityExample-api\securityExample-api.csproj", "{4AAA35FE-1B13-4274-A91A-EEA512A7D88C}"
EndProject
Global
	GlobalSection(SolutionConfigurationPlatforms) = preSolution
		Debug|Any CPU = Debug|Any CPU
		Release|Any CPU = Release|Any CPU
	EndGlobalSection
	GlobalSection(ProjectConfigurationPlatforms) = postSolution
		{4AAA35FE-1B13-4274-A91A-EEA512A7D88C}.Debug|Any CPU.ActiveCfg = Debug|Any CPU
		{4AAA35FE-1B13-4274-A91A-EEA512A7D88C}.Debug|Any CPU.Build.0 = Debug|Any CPU
		{4AAA35FE-1B13-4274-A91A-EEA512A7D88C}.Release|Any CPU.ActiveCfg = Release|Any CPU
		{4AAA35FE-1B13-4274-A91A-EEA512A7D88C}.Release|Any CPU.Build.0 = Release|Any CPU
	EndGlobalSection
	GlobalSection(SolutionProperties) = preSolution
		HideSolutionNode = FALSE
	EndGlobalSection
	GlobalSection(ExtensibilityGlobals) = postSolution
		SolutionGuid = {DC39D436-7AB1-446C-8B7C-1F3978DD4306}
	EndGlobalSection
EndGlobal
